
Microsoft Visual Studio Solution File, Format Version 12.00
# Visual Studio 2012
Project("{2150E333-8FDC-42A3-9474-1A3956D46DE8}") = "App", "App", "{53D977A1-F684-4B7A-A553-15BA76A5955E}"
EndProject
Project("{2150E333-8FDC-42A3-9474-1A3956D46DE8}") = "Libraries", "Libraries", "{8961250C-BEBE-4F93-B844-48ACDC175795}"
EndProject
Project("{2150E333-8FDC-42A3-9474-1A3956D46DE8}") = "Services", "Services", "{8AF7880A-919B-4C9F-9B7A-3ABBA0FAD9F5}"
EndProject
Project("{FAE04EC0-301F-11D3-BF4B-00C04F79EFBC}") = "Model", "App\Model\Model.csproj", "{1DB56FCC-6EDB-4407-83F2-A75C37F76DFC}"
EndProject
Project("{FAE04EC0-301F-11D3-BF4B-00C04F79EFBC}") = "View", "App\View\View.csproj", "{BD72AC93-0D86-489E-8F6C-036679F10F0D}"
EndProject
Project("{FAE04EC0-301F-11D3-BF4B-00C04F79EFBC}") = "ViewModel", "App\ViewModel\ViewModel.csproj", "{0D4B2A8F-A562-489B-8F08-32FF7D2571B4}"
EndProject
Project("{FAE04EC0-301F-11D3-BF4B-00C04F79EFBC}") = "App", "App\App\App.csproj", "{0071F833-C03F-482E-859D-21333490AAD6}"
EndProject
Project("{FAE04EC0-301F-11D3-BF4B-00C04F79EFBC}") = "WebAnalyzer", "App\Service\WebAnalyzer\WebAnalyzer.csproj", "{95E6DA2D-FE0D-4AA0-82D1-7BD7C41703F9}"
EndProject
Project("{FAE04EC0-301F-11D3-BF4B-00C04F79EFBC}") = "WebSpider", "App\Service\WebSpider\WebSpider.csproj", "{84B094B6-9FC8-4200-9CAB-83877FCF76C6}"
EndProject
Project("{2150E333-8FDC-42A3-9474-1A3956D46DE8}") = "IO", "IO", "{34A70FE0-967E-4E87-9F1C-731A3968A7B3}"
EndProject
Project("{2150E333-8FDC-42A3-9474-1A3956D46DE8}") = "Text", "Text", "{5852212B-3F78-4586-ACC9-A71A7F63D4BA}"
EndProject
Project("{FAE04EC0-301F-11D3-BF4B-00C04F79EFBC}") = "Reader", "Libraries\IO\Text\Reader\Reader.csproj", "{6632B230-9C3C-4145-9016-952A4B5F55A7}"
EndProject
Project("{FAE04EC0-301F-11D3-BF4B-00C04F79EFBC}") = "Writer", "Libraries\IO\Text\Writer\Writer.csproj", "{7D880230-7A4A-4F3F-8EAF-07FC8C8776A4}"
EndProject
Global
	GlobalSection(SolutionConfigurationPlatforms) = preSolution
		Debug|Any CPU = Debug|Any CPU
		Release|Any CPU = Release|Any CPU
	EndGlobalSection
	GlobalSection(ProjectConfigurationPlatforms) = postSolution
		{1DB56FCC-6EDB-4407-83F2-A75C37F76DFC}.Debug|Any CPU.ActiveCfg = Debug|Any CPU
		{1DB56FCC-6EDB-4407-83F2-A75C37F76DFC}.Debug|Any CPU.Build.0 = Debug|Any CPU
		{1DB56FCC-6EDB-4407-83F2-A75C37F76DFC}.Release|Any CPU.ActiveCfg = Release|Any CPU
		{1DB56FCC-6EDB-4407-83F2-A75C37F76DFC}.Release|Any CPU.Build.0 = Release|Any CPU
		{BD72AC93-0D86-489E-8F6C-036679F10F0D}.Debug|Any CPU.ActiveCfg = Debug|Any CPU
		{BD72AC93-0D86-489E-8F6C-036679F10F0D}.Debug|Any CPU.Build.0 = Debug|Any CPU
		{BD72AC93-0D86-489E-8F6C-036679F10F0D}.Release|Any CPU.ActiveCfg = Release|Any CPU
		{BD72AC93-0D86-489E-8F6C-036679F10F0D}.Release|Any CPU.Build.0 = Release|Any CPU
		{0D4B2A8F-A562-489B-8F08-32FF7D2571B4}.Debug|Any CPU.ActiveCfg = Debug|Any CPU
		{0D4B2A8F-A562-489B-8F08-32FF7D2571B4}.Debug|Any CPU.Build.0 = Debug|Any CPU
		{0D4B2A8F-A562-489B-8F08-32FF7D2571B4}.Release|Any CPU.ActiveCfg = Release|Any CPU
		{0D4B2A8F-A562-489B-8F08-32FF7D2571B4}.Release|Any CPU.Build.0 = Release|Any CPU
		{0071F833-C03F-482E-859D-21333490AAD6}.Debug|Any CPU.ActiveCfg = Debug|Any CPU
		{0071F833-C03F-482E-859D-21333490AAD6}.Debug|Any CPU.Build.0 = Debug|Any CPU
		{0071F833-C03F-482E-859D-21333490AAD6}.Release|Any CPU.ActiveCfg = Release|Any CPU
		{0071F833-C03F-482E-859D-21333490AAD6}.Release|Any CPU.Build.0 = Release|Any CPU
		{95E6DA2D-FE0D-4AA0-82D1-7BD7C41703F9}.Debug|Any CPU.ActiveCfg = Debug|Any CPU
		{95E6DA2D-FE0D-4AA0-82D1-7BD7C41703F9}.Debug|Any CPU.Build.0 = Debug|Any CPU
		{95E6DA2D-FE0D-4AA0-82D1-7BD7C41703F9}.Release|Any CPU.ActiveCfg = Release|Any CPU
		{95E6DA2D-FE0D-4AA0-82D1-7BD7C41703F9}.Release|Any CPU.Build.0 = Release|Any CPU
		{84B094B6-9FC8-4200-9CAB-83877FCF76C6}.Debug|Any CPU.ActiveCfg = Debug|Any CPU
		{84B094B6-9FC8-4200-9CAB-83877FCF76C6}.Debug|Any CPU.Build.0 = Debug|Any CPU
		{84B094B6-9FC8-4200-9CAB-83877FCF76C6}.Release|Any CPU.ActiveCfg = Release|Any CPU
		{84B094B6-9FC8-4200-9CAB-83877FCF76C6}.Release|Any CPU.Build.0 = Release|Any CPU
		{6632B230-9C3C-4145-9016-952A4B5F55A7}.Debug|Any CPU.ActiveCfg = Debug|Any CPU
		{6632B230-9C3C-4145-9016-952A4B5F55A7}.Debug|Any CPU.Build.0 = Debug|Any CPU
		{6632B230-9C3C-4145-9016-952A4B5F55A7}.Release|Any CPU.ActiveCfg = Release|Any CPU
		{6632B230-9C3C-4145-9016-952A4B5F55A7}.Release|Any CPU.Build.0 = Release|Any CPU
		{7D880230-7A4A-4F3F-8EAF-07FC8C8776A4}.Debug|Any CPU.ActiveCfg = Debug|Any CPU
		{7D880230-7A4A-4F3F-8EAF-07FC8C8776A4}.Debug|Any CPU.Build.0 = Debug|Any CPU
		{7D880230-7A4A-4F3F-8EAF-07FC8C8776A4}.Release|Any CPU.ActiveCfg = Release|Any CPU
		{7D880230-7A4A-4F3F-8EAF-07FC8C8776A4}.Release|Any CPU.Build.0 = Release|Any CPU
	EndGlobalSection
	GlobalSection(SolutionProperties) = preSolution
		HideSolutionNode = FALSE
	EndGlobalSection
	GlobalSection(NestedProjects) = preSolution
		{8AF7880A-919B-4C9F-9B7A-3ABBA0FAD9F5} = {53D977A1-F684-4B7A-A553-15BA76A5955E}
		{1DB56FCC-6EDB-4407-83F2-A75C37F76DFC} = {53D977A1-F684-4B7A-A553-15BA76A5955E}
		{BD72AC93-0D86-489E-8F6C-036679F10F0D} = {53D977A1-F684-4B7A-A553-15BA76A5955E}
		{0D4B2A8F-A562-489B-8F08-32FF7D2571B4} = {53D977A1-F684-4B7A-A553-15BA76A5955E}
		{0071F833-C03F-482E-859D-21333490AAD6} = {53D977A1-F684-4B7A-A553-15BA76A5955E}
		{34A70FE0-967E-4E87-9F1C-731A3968A7B3} = {8961250C-BEBE-4F93-B844-48ACDC175795}
		{95E6DA2D-FE0D-4AA0-82D1-7BD7C41703F9} = {8AF7880A-919B-4C9F-9B7A-3ABBA0FAD9F5}
		{84B094B6-9FC8-4200-9CAB-83877FCF76C6} = {8AF7880A-919B-4C9F-9B7A-3ABBA0FAD9F5}
		{5852212B-3F78-4586-ACC9-A71A7F63D4BA} = {34A70FE0-967E-4E87-9F1C-731A3968A7B3}
		{6632B230-9C3C-4145-9016-952A4B5F55A7} = {5852212B-3F78-4586-ACC9-A71A7F63D4BA}
		{7D880230-7A4A-4F3F-8EAF-07FC8C8776A4} = {5852212B-3F78-4586-ACC9-A71A7F63D4BA}
	EndGlobalSection
EndGlobal
